
Microsoft Visual Studio Solution File, Format Version 12.00
# Visual Studio Version 17
VisualStudioVersion = 17.5.33424.131
MinimumVisualStudioVersion = 10.0.40219.1
Project("{FAE04EC0-301F-11D3-BF4B-00C04F79EFBC}") = "Exercício 2", "Exercício 2\Exercício 2.csproj", "{642DFB1E-63A3-4215-AC96-C826612BB916}"
EndProject
Global
	GlobalSection(SolutionConfigurationPlatforms) = preSolution
		Debug|Any CPU = Debug|Any CPU
		Release|Any CPU = Release|Any CPU
	EndGlobalSection
	GlobalSection(ProjectConfigurationPlatforms) = postSolution
		{642DFB1E-63A3-4215-AC96-C826612BB916}.Debug|Any CPU.ActiveCfg = Debug|Any CPU
		{642DFB1E-63A3-4215-AC96-C826612BB916}.Debug|Any CPU.Build.0 = Debug|Any CPU
		{642DFB1E-63A3-4215-AC96-C826612BB916}.Release|Any CPU.ActiveCfg = Release|Any CPU
		{642DFB1E-63A3-4215-AC96-C826612BB916}.Release|Any CPU.Build.0 = Release|Any CPU
	EndGlobalSection
	GlobalSection(SolutionProperties) = preSolution
		HideSolutionNode = FALSE
	EndGlobalSection
	GlobalSection(ExtensibilityGlobals) = postSolution
		SolutionGuid = {10E1BDA5-E47A-4882-B764-D95388084A43}
	EndGlobalSection
EndGlobal
